### YamlMime:ManagedReference
items:
- uid: System.Linq.Expressions.CatchBlock
  id: CatchBlock
  children:
  - System.Linq.Expressions.CatchBlock.Body
  - System.Linq.Expressions.CatchBlock.Filter
  - System.Linq.Expressions.CatchBlock.Test
  - System.Linq.Expressions.CatchBlock.ToString
  - System.Linq.Expressions.CatchBlock.Update(System.Linq.Expressions.ParameterExpression,System.Linq.Expressions.Expression,System.Linq.Expressions.Expression)
  - System.Linq.Expressions.CatchBlock.Variable
  langs:
  - csharp
  name: CatchBlock
  nameWithType: CatchBlock
  fullName: System.Linq.Expressions.CatchBlock
  type: Class
  summary: Represents a catch statement in a try block.
  remarks: The <xref:System.Linq.Expressions.Expression.Catch%2A> methods can be used to create a CatchBlock.
  syntax:
    content: >-
      [System.Diagnostics.DebuggerTypeProxy(typeof(System.Linq.Expressions.Expression/CatchBlockProxy))]

      public sealed class CatchBlock
  inheritance:
  - System.Object
  implements: []
  inheritedMembers:
  - System.Object.Equals(System.Object)
  - System.Object.Equals(System.Object,System.Object)
  - System.Object.GetHashCode
  - System.Object.GetType
  - System.Object.MemberwiseClone
  - System.Object.ReferenceEquals(System.Object,System.Object)
  original_ecmaxml_local_path: E:\mdoc\ECMA2YamlTestRepo2\fulldocset\xml\System.Linq.Expressions\CatchBlock.xml
  content_git_url: https://github.com/TianqiZhang/ECMA2YamlTestRepo2/blob/masterwithyml/fulldocset/xml/System.Linq.Expressions/CatchBlock.xml
  version:
  - netframework-4.0-client
  - netframework-4.0
  - netframework-4.5.1
  - netframework-4.5.2
  - netframework-4.5
  - netframework-4.6.1
  - netframework-4.6.2
  - netframework-4.6
- uid: System.Linq.Expressions.CatchBlock.Body
  id: Body
  parent: System.Linq.Expressions.CatchBlock
  langs:
  - csharp
  name: Body
  nameWithType: CatchBlock.Body
  fullName: System.Linq.Expressions.CatchBlock.Body
  type: Property
  assemblies:
  - System.Core
  namespace: System.Linq.Expressions
  summary: Gets the body of the catch block.
  syntax:
    content: public System.Linq.Expressions.Expression Body { get; }
    return:
      type: System.Linq.Expressions.Expression
      description: The <xref href="System.Linq.Expressions.Expression"></xref> object representing the catch body.
  overload: System.Linq.Expressions.CatchBlock.Body*
  exceptions: []
  original_ecmaxml_local_path: E:\mdoc\ECMA2YamlTestRepo2\fulldocset\xml\System.Linq.Expressions\CatchBlock.xml
  content_git_url: https://github.com/TianqiZhang/ECMA2YamlTestRepo2/blob/masterwithyml/fulldocset/xml/System.Linq.Expressions/CatchBlock.xml
  version:
  - netframework-4.0-client
  - netframework-4.0
  - netframework-4.5.1
  - netframework-4.5.2
  - netframework-4.5
  - netframework-4.6.1
  - netframework-4.6.2
  - netframework-4.6
- uid: System.Linq.Expressions.CatchBlock.Filter
  id: Filter
  parent: System.Linq.Expressions.CatchBlock
  langs:
  - csharp
  name: Filter
  nameWithType: CatchBlock.Filter
  fullName: System.Linq.Expressions.CatchBlock.Filter
  type: Property
  assemblies:
  - System.Core
  namespace: System.Linq.Expressions
  summary: Gets the body of the <xref href="System.Linq.Expressions.CatchBlock"></xref> filter.
  syntax:
    content: public System.Linq.Expressions.Expression Filter { get; }
    return:
      type: System.Linq.Expressions.Expression
      description: The <xref href="System.Linq.Expressions.Expression"></xref> object representing the body of the <xref href="System.Linq.Expressions.CatchBlock"></xref> filter.
  overload: System.Linq.Expressions.CatchBlock.Filter*
  exceptions: []
  original_ecmaxml_local_path: E:\mdoc\ECMA2YamlTestRepo2\fulldocset\xml\System.Linq.Expressions\CatchBlock.xml
  content_git_url: https://github.com/TianqiZhang/ECMA2YamlTestRepo2/blob/masterwithyml/fulldocset/xml/System.Linq.Expressions/CatchBlock.xml
  version:
  - netframework-4.0-client
  - netframework-4.0
  - netframework-4.5.1
  - netframework-4.5.2
  - netframework-4.5
  - netframework-4.6.1
  - netframework-4.6.2
  - netframework-4.6
- uid: System.Linq.Expressions.CatchBlock.Test
  id: Test
  parent: System.Linq.Expressions.CatchBlock
  langs:
  - csharp
  name: Test
  nameWithType: CatchBlock.Test
  fullName: System.Linq.Expressions.CatchBlock.Test
  type: Property
  assemblies:
  - System.Core
  namespace: System.Linq.Expressions
  summary: Gets the type of <xref href="System.Exception"></xref> this handler catches.
  syntax:
    content: public Type Test { get; }
    return:
      type: System.Type
      description: The <xref href="System.Type"></xref> object representing the type of <xref href="System.Exception"></xref> this handler catches.
  overload: System.Linq.Expressions.CatchBlock.Test*
  exceptions: []
  original_ecmaxml_local_path: E:\mdoc\ECMA2YamlTestRepo2\fulldocset\xml\System.Linq.Expressions\CatchBlock.xml
  content_git_url: https://github.com/TianqiZhang/ECMA2YamlTestRepo2/blob/masterwithyml/fulldocset/xml/System.Linq.Expressions/CatchBlock.xml
  version:
  - netframework-4.0-client
  - netframework-4.0
  - netframework-4.5.1
  - netframework-4.5.2
  - netframework-4.5
  - netframework-4.6.1
  - netframework-4.6.2
  - netframework-4.6
- uid: System.Linq.Expressions.CatchBlock.ToString
  id: ToString
  parent: System.Linq.Expressions.CatchBlock
  langs:
  - csharp
  name: ToString()
  nameWithType: CatchBlock.ToString()
  fullName: System.Linq.Expressions.CatchBlock.ToString()
  type: Method
  assemblies:
  - System.Core
  namespace: System.Linq.Expressions
  summary: Returns a <xref href="System.String"></xref> that represents the current <xref href="System.Object"></xref>.
  syntax:
    content: public override string ToString ();
    parameters: []
    return:
      type: System.String
      description: A <xref href="System.String"></xref> that represents the current <xref href="System.Object"></xref>.
  overload: System.Linq.Expressions.CatchBlock.ToString*
  exceptions: []
  original_ecmaxml_local_path: E:\mdoc\ECMA2YamlTestRepo2\fulldocset\xml\System.Linq.Expressions\CatchBlock.xml
  content_git_url: https://github.com/TianqiZhang/ECMA2YamlTestRepo2/blob/masterwithyml/fulldocset/xml/System.Linq.Expressions/CatchBlock.xml
  version:
  - netframework-4.0-client
  - netframework-4.0
  - netframework-4.5.1
  - netframework-4.5.2
  - netframework-4.5
  - netframework-4.6.1
  - netframework-4.6.2
  - netframework-4.6
- uid: System.Linq.Expressions.CatchBlock.Update(System.Linq.Expressions.ParameterExpression,System.Linq.Expressions.Expression,System.Linq.Expressions.Expression)
  id: Update(System.Linq.Expressions.ParameterExpression,System.Linq.Expressions.Expression,System.Linq.Expressions.Expression)
  parent: System.Linq.Expressions.CatchBlock
  langs:
  - csharp
  name: Update(ParameterExpression,Expression,Expression)
  nameWithType: CatchBlock.Update(ParameterExpression,Expression,Expression)
  fullName: System.Linq.Expressions.CatchBlock.Update(ParameterExpression,Expression,Expression)
  type: Method
  assemblies:
  - System.Core
  namespace: System.Linq.Expressions
  summary: Creates a new expression that is like this one, but using the supplied children. If all of the children are the same, it will return this expression.
  syntax:
    content: public System.Linq.Expressions.CatchBlock Update (System.Linq.Expressions.ParameterExpression variable, System.Linq.Expressions.Expression filter, System.Linq.Expressions.Expression body);
    parameters:
    - id: variable
      type: System.Linq.Expressions.ParameterExpression
      description: The <xref href="stem.Linq.Expressions.CatchBlock.Variable%2A"></xref> property of the result.
    - id: filter
      type: System.Linq.Expressions.Expression
      description: The <xref href="stem.Linq.Expressions.CatchBlock.Filter%2A"></xref> property of the result.
    - id: body
      type: System.Linq.Expressions.Expression
      description: The <xref href="stem.Linq.Expressions.CatchBlock.Body%2A"></xref> property of the result.
    return:
      type: System.Linq.Expressions.CatchBlock
      description: This expression if no children are changed or an expression with the updated children.
  overload: System.Linq.Expressions.CatchBlock.Update*
  exceptions: []
  original_ecmaxml_local_path: E:\mdoc\ECMA2YamlTestRepo2\fulldocset\xml\System.Linq.Expressions\CatchBlock.xml
  content_git_url: https://github.com/TianqiZhang/ECMA2YamlTestRepo2/blob/masterwithyml/fulldocset/xml/System.Linq.Expressions/CatchBlock.xml
  version:
  - netframework-4.0-client
  - netframework-4.0
  - netframework-4.5.1
  - netframework-4.5.2
  - netframework-4.5
  - netframework-4.6.1
  - netframework-4.6.2
  - netframework-4.6
- uid: System.Linq.Expressions.CatchBlock.Variable
  id: Variable
  parent: System.Linq.Expressions.CatchBlock
  langs:
  - csharp
  name: Variable
  nameWithType: CatchBlock.Variable
  fullName: System.Linq.Expressions.CatchBlock.Variable
  type: Property
  assemblies:
  - System.Core
  namespace: System.Linq.Expressions
  summary: Gets a reference to the <xref href="System.Exception"></xref> object caught by this handler.
  syntax:
    content: public System.Linq.Expressions.ParameterExpression Variable { get; }
    return:
      type: System.Linq.Expressions.ParameterExpression
      description: The <xref href="System.Linq.Expressions.ParameterExpression"></xref> object representing a reference to the <xref href="System.Exception"></xref> object caught by this handler.
  overload: System.Linq.Expressions.CatchBlock.Variable*
  exceptions: []
  original_ecmaxml_local_path: E:\mdoc\ECMA2YamlTestRepo2\fulldocset\xml\System.Linq.Expressions\CatchBlock.xml
  content_git_url: https://github.com/TianqiZhang/ECMA2YamlTestRepo2/blob/masterwithyml/fulldocset/xml/System.Linq.Expressions/CatchBlock.xml
  version:
  - netframework-4.0-client
  - netframework-4.0
  - netframework-4.5.1
  - netframework-4.5.2
  - netframework-4.5
  - netframework-4.6.1
  - netframework-4.6.2
  - netframework-4.6
references:
- uid: System.Object
  isExternal: false
  name: System.Object
- uid: System.Linq.Expressions.CatchBlock.Body
  parent: System.Linq.Expressions.CatchBlock
  isExternal: false
  name: Body
  nameWithType: CatchBlock.Body
  fullName: System.Linq.Expressions.CatchBlock.Body
- uid: System.Linq.Expressions.Expression
  parent: System.Linq.Expressions
  isExternal: false
  name: Expression
  nameWithType: Expression
  fullName: System.Linq.Expressions.Expression
- uid: System.Linq.Expressions.CatchBlock.Filter
  parent: System.Linq.Expressions.CatchBlock
  isExternal: false
  name: Filter
  nameWithType: CatchBlock.Filter
  fullName: System.Linq.Expressions.CatchBlock.Filter
- uid: System.Linq.Expressions.CatchBlock.Test
  parent: System.Linq.Expressions.CatchBlock
  isExternal: false
  name: Test
  nameWithType: CatchBlock.Test
  fullName: System.Linq.Expressions.CatchBlock.Test
- uid: System.Type
  parent: System
  isExternal: false
  name: Type
  nameWithType: Type
  fullName: System.Type
- uid: System.Linq.Expressions.CatchBlock.ToString
  parent: System.Linq.Expressions.CatchBlock
  isExternal: false
  name: ToString()
  nameWithType: CatchBlock.ToString()
  fullName: System.Linq.Expressions.CatchBlock.ToString()
- uid: System.String
  parent: System
  isExternal: false
  name: String
  nameWithType: String
  fullName: System.String
- uid: System.Linq.Expressions.CatchBlock.Update(System.Linq.Expressions.ParameterExpression,System.Linq.Expressions.Expression,System.Linq.Expressions.Expression)
  parent: System.Linq.Expressions.CatchBlock
  isExternal: false
  name: Update(ParameterExpression,Expression,Expression)
  nameWithType: CatchBlock.Update(ParameterExpression,Expression,Expression)
  fullName: System.Linq.Expressions.CatchBlock.Update(ParameterExpression,Expression,Expression)
- uid: System.Linq.Expressions.CatchBlock
  parent: System.Linq.Expressions
  isExternal: false
  name: CatchBlock
  nameWithType: CatchBlock
  fullName: System.Linq.Expressions.CatchBlock
- uid: System.Linq.Expressions.ParameterExpression
  parent: System.Linq.Expressions
  isExternal: false
  name: ParameterExpression
  nameWithType: ParameterExpression
  fullName: System.Linq.Expressions.ParameterExpression
- uid: System.Linq.Expressions.CatchBlock.Variable
  parent: System.Linq.Expressions.CatchBlock
  isExternal: false
  name: Variable
  nameWithType: CatchBlock.Variable
  fullName: System.Linq.Expressions.CatchBlock.Variable
- uid: System.Linq.Expressions.CatchBlock.Body*
  parent: System.Linq.Expressions.CatchBlock
  isExternal: false
  name: Body
  nameWithType: CatchBlock.Body
- uid: System.Linq.Expressions.CatchBlock.Filter*
  parent: System.Linq.Expressions.CatchBlock
  isExternal: false
  name: Filter
  nameWithType: CatchBlock.Filter
- uid: System.Linq.Expressions.CatchBlock.Test*
  parent: System.Linq.Expressions.CatchBlock
  isExternal: false
  name: Test
  nameWithType: CatchBlock.Test
- uid: System.Linq.Expressions.CatchBlock.ToString*
  parent: System.Linq.Expressions.CatchBlock
  isExternal: false
  name: ToString
  nameWithType: CatchBlock.ToString
- uid: System.Linq.Expressions.CatchBlock.Update*
  parent: System.Linq.Expressions.CatchBlock
  isExternal: false
  name: Update
  nameWithType: CatchBlock.Update
- uid: System.Linq.Expressions.CatchBlock.Variable*
  parent: System.Linq.Expressions.CatchBlock
  isExternal: false
  name: Variable
  nameWithType: CatchBlock.Variable
